
Microsoft Visual Studio Solution File, Format Version 12.00
# Visual Studio Version 17
VisualStudioVersion = 17.14.36401.2 d17.14
MinimumVisualStudioVersion = 10.0.40219.1
Project("{FAE04EC0-301F-11D3-BF4B-00C04F79EFBC}") = "backgroundservice", "backgroundservice\backgroundservice.csproj", "{37930B3E-AE7B-4D0E-A17E-8A2CCAAAC963}"
EndProject
Global
	GlobalSection(SolutionConfigurationPlatforms) = preSolution
		Debug|Any CPU = Debug|Any CPU
		Release|Any CPU = Release|Any CPU
	EndGlobalSection
	GlobalSection(ProjectConfigurationPlatforms) = postSolution
		{37930B3E-AE7B-4D0E-A17E-8A2CCAAAC963}.Debug|Any CPU.ActiveCfg = Debug|Any CPU
		{37930B3E-AE7B-4D0E-A17E-8A2CCAAAC963}.Debug|Any CPU.Build.0 = Debug|Any CPU
		{37930B3E-AE7B-4D0E-A17E-8A2CCAAAC963}.Release|Any CPU.ActiveCfg = Release|Any CPU
		{37930B3E-AE7B-4D0E-A17E-8A2CCAAAC963}.Release|Any CPU.Build.0 = Release|Any CPU
	EndGlobalSection
	GlobalSection(SolutionProperties) = preSolution
		HideSolutionNode = FALSE
	EndGlobalSection
	GlobalSection(ExtensibilityGlobals) = postSolution
		SolutionGuid = {EE0E6180-EFD9-48C2-A64A-920D5EE97C8E}
	EndGlobalSection
EndGlobal
